Microsoft Visual Studio Solution File, Format Version 12.00
# Visual Studio Version 17
VisualStudioVersion = 17.5.2.0
MinimumVisualStudioVersion = 10.0.40219.1
Project("{FAE04EC0-301F-11D3-BF4B-00C04F79EFBC}") = "AvaliacaoSatisfacaoUnisagrado", "AvaliacaoSatisfacaoUnisagrado\AvaliacaoSatisfacaoUnisagrado.csproj", "{D46BE4AA-A369-7C0C-B45B-1B44341B1731}"
EndProject
Global
	GlobalSection(SolutionConfigurationPlatforms) = preSolution
		Debug|Any CPU = Debug|Any CPU
		Release|Any CPU = Release|Any CPU
	EndGlobalSection
	GlobalSection(ProjectConfigurationPlatforms) = postSolution
		{D46BE4AA-A369-7C0C-B45B-1B44341B1731}.Debug|Any CPU.ActiveCfg = Debug|Any CPU
		{D46BE4AA-A369-7C0C-B45B-1B44341B1731}.Debug|Any CPU.Build.0 = Debug|Any CPU
		{D46BE4AA-A369-7C0C-B45B-1B44341B1731}.Release|Any CPU.ActiveCfg = Release|Any CPU
		{D46BE4AA-A369-7C0C-B45B-1B44341B1731}.Release|Any CPU.Build.0 = Release|Any CPU
	EndGlobalSection
	GlobalSection(SolutionProperties) = preSolution
		HideSolutionNode = FALSE
	EndGlobalSection
	GlobalSection(ExtensibilityGlobals) = postSolution
		SolutionGuid = {D85D639F-C110-49B6-BA2F-1AD08ACFEB5D}
	EndGlobalSection
EndGlobal
